dependencies:
- name: common
  repository: oci://registry-1.docker.io/cloudpirates
  version: 2.2.0
- name: valkey
  repository: oci://registry-1.docker.io/cloudpirates
  version: 0.19.0
digest: sha256:9f800f474defa613d1dc2e17bd4e1c0aab24a7e138a20797507fc8009cd0ecd6
generated: "2026-04-17T06:01:42.591846067Z"
